<?xml version="1.0" encoding="utf-8"?>
<Project ToolsVersion="4.0" xmlns="http://schemas.microsoft.com/developer/msbuild/2003">
  <ItemGroup>
    <Filter Include="docs">
      <UniqueIdentifier>{4FC737F1-C7A5-4376-A066-2A32D752A2FF}</UniqueIdentifier>
      <Extensions>cpp;c;cc;cxx;def;odl;idl;hpj;bat;asm;asmx</Extensions>
    </Filter>
    <Filter Include="docs\src">
      <UniqueIdentifier>{fb0be4d4-db3d-4dad-b6b2-8b020466537f}</UniqueIdentifier>
    </Filter>
    <Filter Include="docs\_static">
      <UniqueIdentifier>{a5d24cac-c145-4527-afb2-405316437c65}</UniqueIdentifier>
    </Filter>
    <Filter Include="docs\_templates">
      <UniqueIdentifier>{3df93a27-e8f4-477a-84d7-3ea40782d870}</UniqueIdentifier>
    </Filter>
  </ItemGroup>
  <ItemGroup>
    <None Include="..\..\docs\build.rst">
      <Filter>docs</Filter>
    </None>
    <None Include="..\..\docs\ci.rst">
      <Filter>docs</Filter>
    </None>
    <None Include="..\..\docs\conf.py">
      <Filter>docs</Filter>
    </None>
    <None Include="..\..\docs\general.rst">
      <Filter>docs</Filter>
    </None>
    <None Include="..\..\docs\index.rst">
      <Filter>docs</Filter>
    </None>
    <None Include="..\..\docs\install.rst">
      <Filter>docs</Filter>
    </None>
    <None Include="..\..\docs\make.bat">
      <Filter>docs</Filter>
    </None>
    <None Include="..\..\docs\make.sh">
      <Filter>docs</Filter>
    </None>
    <None Include="..\..\docs\sources.rst">
      <Filter>docs</Filter>
    </None>
    <None Include="..\..\docs\src\lapi.rst">
      <Filter>docs\src</Filter>
    </None>
    <None Include="..\..\docs\src\lauxlib.rst">
      <Filter>docs\src</Filter>
    </None>
    <None Include="..\..\docs\src\lbaselib.rst">
      <Filter>docs\src</Filter>
    </None>
    <None Include="..\..\docs\src\lbitlib.rst">
      <Filter>docs\src</Filter>
    </None>
    <None Include="..\..\docs\src\lcode.rst">
      <Filter>docs\src</Filter>
    </None>
    <None Include="..\..\docs\src\lcorolib.rst">
      <Filter>docs\src</Filter>
    </None>
    <None Include="..\..\docs\src\lctype.rst">
      <Filter>docs\src</Filter>
    </None>
    <None Include="..\..\docs\src\ldblib.rst">
      <Filter>docs\src</Filter>
    </None>
    <None Include="..\..\docs\src\ldebug.rst">
      <Filter>docs\src</Filter>
    </None>
    <None Include="..\..\docs\src\ldo.rst">
      <Filter>docs\src</Filter>
    </None>
    <None Include="..\..\docs\src\ldump.rst">
      <Filter>docs\src</Filter>
    </None>
    <None Include="..\..\docs\src\lfunc.rst">
      <Filter>docs\src</Filter>
    </None>
    <None Include="..\..\docs\src\lgc.rst">
      <Filter>docs\src</Filter>
    </None>
    <None Include="..\..\docs\src\linit.rst">
      <Filter>docs\src</Filter>
    </None>
    <None Include="..\..\docs\src\liolib.rst">
      <Filter>docs\src</Filter>
    </None>
    <None Include="..\..\docs\src\llex.rst">
      <Filter>docs\src</Filter>
    </None>
    <None Include="..\..\docs\src\llimits.rst">
      <Filter>docs\src</Filter>
    </None>
    <None Include="..\..\docs\src\lmathlib.rst">
      <Filter>docs\src</Filter>
    </None>
    <None Include="..\..\docs\src\lmem.rst">
      <Filter>docs\src</Filter>
    </None>
    <None Include="..\..\docs\src\loadlib.rst">
      <Filter>docs\src</Filter>
    </None>
    <None Include="..\..\docs\src\lobject.rst">
      <Filter>docs\src</Filter>
    </None>
    <None Include="..\..\docs\src\lopcodes.rst">
      <Filter>docs\src</Filter>
    </None>
    <None Include="..\..\docs\src\loslib.rst">
      <Filter>docs\src</Filter>
    </None>
    <None Include="..\..\docs\src\lparser.rst">
      <Filter>docs\src</Filter>
    </None>
    <None Include="..\..\docs\src\lprefix.rst">
      <Filter>docs\src</Filter>
    </None>
    <None Include="..\..\docs\src\lstate.rst">
      <Filter>docs\src</Filter>
    </None>
    <None Include="..\..\docs\src\lstring.rst">
      <Filter>docs\src</Filter>
    </None>
    <None Include="..\..\docs\src\lstrlib.rst">
      <Filter>docs\src</Filter>
    </None>
    <None Include="..\..\docs\src\ltable.rst">
      <Filter>docs\src</Filter>
    </None>
    <None Include="..\..\docs\src\ltablib.rst">
      <Filter>docs\src</Filter>
    </None>
    <None Include="..\..\docs\src\ltm.rst">
      <Filter>docs\src</Filter>
    </None>
    <None Include="..\..\docs\src\lua.rst">
      <Filter>docs\src</Filter>
    </None>
    <None Include="..\..\docs\src\luac.rst">
      <Filter>docs\src</Filter>
    </None>
    <None Include="..\..\docs\src\luaconf.rst">
      <Filter>docs\src</Filter>
    </None>
    <None Include="..\..\docs\src\lualib.rst">
      <Filter>docs\src</Filter>
    </None>
    <None Include="..\..\docs\src\lundump.rst">
      <Filter>docs\src</Filter>
    </None>
    <None Include="..\..\docs\src\lutf8lib.rst">
      <Filter>docs\src</Filter>
    </None>
    <None Include="..\..\docs\src\lvm.rst">
      <Filter>docs\src</Filter>
    </None>
    <None Include="..\..\docs\src\lzio.rst">
      <Filter>docs\src</Filter>
    </None>
    <None Include="..\..\docs\_static\.dummy">
      <Filter>docs\_static</Filter>
    </None>
    <None Include="..\..\docs\_templates\.dummy">
      <Filter>docs\_templates</Filter>
    </None>
  </ItemGroup>
</Project>